// !$*UTF8*$!
{
	archiveVersion = 1;
	classes = {
	};
	objectVersion = 55;
	objects = {

/* Begin PBXBuildFile section */
		4024F13D29C0D5840067377C /* APICall.swift in Sources */ = {isa = PBXBuildFile; fileRef = 4024F13C29C0D5840067377C /* APICall.swift */; };
		4024F13F29C0D5BE0067377C /* APIError.swift in Sources */ = {isa = PBXBuildFile; fileRef = 4024F13E29C0D5BE0067377C /* APIError.swift */; };
		4024F14129C0D5E20067377C /* APIMethod.swift in Sources */ = {isa = PBXBuildFile; fileRef = 4024F14029C0D5E20067377C /* APIMethod.swift */; };
		4024F14329C0D6070067377C /* NetworkServiceable.swift in Sources */ = {isa = PBXBuildFile; fileRef = 4024F14229C0D6070067377C /* NetworkServiceable.swift */; };
		4024F14629C0D7B30067377C /* CocktailsAPI.swift in Sources */ = {isa = PBXBuildFile; fileRef = 4024F14529C0D7B30067377C /* CocktailsAPI.swift */; };
		4024F14829C0D7C00067377C /* CocktailsService.swift in Sources */ = {isa = PBXBuildFile; fileRef = 4024F14729C0D7C00067377C /* CocktailsService.swift */; };
		4024F14B29C0D9A70067377C /* CocktailsStore.swift in Sources */ = {isa = PBXBuildFile; fileRef = 4024F14A29C0D9A70067377C /* CocktailsStore.swift */; };
		4024F14D29C0DA580067377C /* ViewState.swift in Sources */ = {isa = PBXBuildFile; fileRef = 4024F14C29C0DA580067377C /* ViewState.swift */; };
		4024F14F29C0DAE00067377C /* ViewStateModifier.swift in Sources */ = {isa = PBXBuildFile; fileRef = 4024F14E29C0DAE00067377C /* ViewStateModifier.swift */; };
		405CFED2289BB12C0059A74D /* SplashScreen.swift in Sources */ = {isa = PBXBuildFile; fileRef = 405CFED1289BB12C0059A74D /* SplashScreen.swift */; };
		405DD66628872BB40009A77A /* CocktailsOrderApp.swift in Sources */ = {isa = PBXBuildFile; fileRef = 405DD66528872BB40009A77A /* CocktailsOrderApp.swift */; };
		405DD66828872BB40009A77A /* ContentView.swift in Sources */ = {isa = PBXBuildFile; fileRef = 405DD66728872BB40009A77A /* ContentView.swift */; };
		405DD66A28872BB70009A77A /* Assets.xcassets in Resources */ = {isa = PBXBuildFile; fileRef = 405DD66928872BB70009A77A /* Assets.xcassets */; };
		405DD66D28872BB70009A77A /* Preview Assets.xcassets in Resources */ = {isa = PBXBuildFile; fileRef = 405DD66C28872BB70009A77A /* Preview Assets.xcassets */; };
		4080B4D828915BBE00D6FDDB /* Cocktail.swift in Sources */ = {isa = PBXBuildFile; fileRef = 4080B4D728915BBE00D6FDDB /* Cocktail.swift */; };
		4080B4DA28915EF500D6FDDB /* CocktailModelData.swift in Sources */ = {isa = PBXBuildFile; fileRef = 4080B4D928915EF500D6FDDB /* CocktailModelData.swift */; };
		4080B4DD28955FC300D6FDDB /* CocktailCard.swift in Sources */ = {isa = PBXBuildFile; fileRef = 4080B4DC28955FC300D6FDDB /* CocktailCard.swift */; };
		4080B4DF2895724600D6FDDB /* CocktailsList.swift in Sources */ = {isa = PBXBuildFile; fileRef = 4080B4DE2895724600D6FDDB /* CocktailsList.swift */; };
		4080B4E12895831B00D6FDDB /* CocktailsResponse.swift in Sources */ = {isa = PBXBuildFile; fileRef = 4080B4E02895831B00D6FDDB /* CocktailsResponse.swift */; };
		40B166582898039700D5DCFC /* MyListView.swift in Sources */ = {isa = PBXBuildFile; fileRef = 40B166572898039700D5DCFC /* MyListView.swift */; };
		40B1665B289929A400D5DCFC /* LikeButton.swift in Sources */ = {isa = PBXBuildFile; fileRef = 40B1665A289929A400D5DCFC /* LikeButton.swift */; };
		40C3D0F22897FF9400279C97 /* CocktailDetails.swift in Sources */ = {isa = PBXBuildFile; fileRef = 40C3D0F12897FF9400279C97 /* CocktailDetails.swift */; };
/* End PBXBuildFile section */

/* Begin PBXFileReference section */
		4024F13C29C0D5840067377C /* APICall.swift */ = {isa = PBXFileReference; lastKnownFileType = sourcecode.swift; path = APICall.swift; sourceTree = "<group>"; };
		4024F13E29C0D5BE0067377C /* APIError.swift */ = {isa = PBXFileReference; lastKnownFileType = sourcecode.swift; path = APIError.swift; sourceTree = "<group>"; };
		4024F14029C0D5E20067377C /* APIMethod.swift */ = {isa = PBXFileReference; lastKnownFileType = sourcecode.swift; path = APIMethod.swift; sourceTree = "<group>"; };
		4024F14229C0D6070067377C /* NetworkServiceable.swift */ = {isa = PBXFileReference; lastKnownFileType = sourcecode.swift; path = NetworkServiceable.swift; sourceTree = "<group>"; };
		4024F14529C0D7B30067377C /* CocktailsAPI.swift */ = {isa = PBXFileReference; lastKnownFileType = sourcecode.swift; path = CocktailsAPI.swift; sourceTree = "<group>"; };
		4024F14729C0D7C00067377C /* CocktailsService.swift */ = {isa = PBXFileReference; lastKnownFileType = sourcecode.swift; path = CocktailsService.swift; sourceTree = "<group>"; };
		4024F14A29C0D9A70067377C /* CocktailsStore.swift */ = {isa = PBXFileReference; lastKnownFileType = sourcecode.swift; path = CocktailsStore.swift; sourceTree = "<group>"; };
		4024F14C29C0DA580067377C /* ViewState.swift */ = {isa = PBXFileReference; lastKnownFileType = sourcecode.swift; path = ViewState.swift; sourceTree = "<group>"; };
		4024F14E29C0DAE00067377C /* ViewStateModifier.swift */ = {isa = PBXFileReference; lastKnownFileType = sourcecode.swift; path = ViewStateModifier.swift; sourceTree = "<group>"; };
		405CFED1289BB12C0059A74D /* SplashScreen.swift */ = {isa = PBXFileReference; lastKnownFileType = sourcecode.swift; path = SplashScreen.swift; sourceTree = "<group>"; };
		405DD66228872BB40009A77A /* CocktailsOrder.app */ = {isa = PBXFileReference; explicitFileType = wrapper.application; includeInIndex = 0; path = CocktailsOrder.app; sourceTree = BUILT_PRODUCTS_DIR; };
		405DD66528872BB40009A77A /* CocktailsOrderApp.swift */ = {isa = PBXFileReference; lastKnownFileType = sourcecode.swift; path = CocktailsOrderApp.swift; sourceTree = "<group>"; };
		405DD66728872BB40009A77A /* ContentView.swift */ = {isa = PBXFileReference; lastKnownFileType = sourcecode.swift; path = ContentView.swift; sourceTree = "<group>"; };
		405DD66928872BB70009A77A /* Assets.xcassets */ = {isa = PBXFileReference; lastKnownFileType = folder.assetcatalog; path = Assets.xcassets; sourceTree = "<group>"; };
		405DD66C28872BB70009A77A /* Preview Assets.xcassets */ = {isa = PBXFileReference; lastKnownFileType = folder.assetcatalog; path = "Preview Assets.xcassets"; sourceTree = "<group>"; };
		4080B4D728915BBE00D6FDDB /* Cocktail.swift */ = {isa = PBXFileReference; lastKnownFileType = sourcecode.swift; path = Cocktail.swift; sourceTree = "<group>"; };
		4080B4D928915EF500D6FDDB /* CocktailModelData.swift */ = {isa = PBXFileReference; lastKnownFileType = sourcecode.swift; path = CocktailModelData.swift; sourceTree = "<group>"; };
		4080B4DC28955FC300D6FDDB /* CocktailCard.swift */ = {isa = PBXFileReference; lastKnownFileType = sourcecode.swift; path = CocktailCard.swift; sourceTree = "<group>"; };
		4080B4DE2895724600D6FDDB /* CocktailsList.swift */ = {isa = PBXFileReference; lastKnownFileType = sourcecode.swift; path = CocktailsList.swift; sourceTree = "<group>"; };
		4080B4E02895831B00D6FDDB /* CocktailsResponse.swift */ = {isa = PBXFileReference; lastKnownFileType = sourcecode.swift; path = CocktailsResponse.swift; sourceTree = "<group>"; };
		40B166572898039700D5DCFC /* MyListView.swift */ = {isa = PBXFileReference; lastKnownFileType = sourcecode.swift; path = MyListView.swift; sourceTree = "<group>"; };
		40B1665A289929A400D5DCFC /* LikeButton.swift */ = {isa = PBXFileReference; lastKnownFileType = sourcecode.swift; path = LikeButton.swift; sourceTree = "<group>"; };
		40C3D0F12897FF9400279C97 /* CocktailDetails.swift */ = {isa = PBXFileReference; lastKnownFileType = sourcecode.swift; path = CocktailDetails.swift; sourceTree = "<group>"; };
/* End PBXFileReference section */

/* Begin PBXFrameworksBuildPhase section */
		405DD65F28872BB40009A77A /* Frameworks */ = {
			isa = PBXFrameworksBuildPhase;
			buildActionMask = 2147483647;
			files = (
			);
			runOnlyForDeploymentPostprocessing = 0;
		};
/* End PBXFrameworksBuildPhase section */

/* Begin PBXGroup section */
		4024F13B29C0D5700067377C /* NetworkingV2 */ = {
			isa = PBXGroup;
			children = (
				4024F13C29C0D5840067377C /* APICall.swift */,
				4024F13E29C0D5BE0067377C /* APIError.swift */,
				4024F14029C0D5E20067377C /* APIMethod.swift */,
				4024F14229C0D6070067377C /* NetworkServiceable.swift */,
			);
			path = NetworkingV2;
			sourceTree = "<group>";
		};
		4024F14429C0D7860067377C /* Services */ = {
			isa = PBXGroup;
			children = (
				4024F14529C0D7B30067377C /* CocktailsAPI.swift */,
				4024F14729C0D7C00067377C /* CocktailsService.swift */,
			);
			path = Services;
			sourceTree = "<group>";
		};
		4024F14929C0D9980067377C /* Stores */ = {
			isa = PBXGroup;
			children = (
				4024F14A29C0D9A70067377C /* CocktailsStore.swift */,
			);
			path = Stores;
			sourceTree = "<group>";
		};
		405DD65928872BB40009A77A = {
			isa = PBXGroup;
			children = (
				405DD66428872BB40009A77A /* CocktailsOrder */,
				405DD66328872BB40009A77A /* Products */,
			);
			sourceTree = "<group>";
		};
		405DD66328872BB40009A77A /* Products */ = {
			isa = PBXGroup;
			children = (
				405DD66228872BB40009A77A /* CocktailsOrder.app */,
			);
			name = Products;
			sourceTree = "<group>";
		};
		405DD66428872BB40009A77A /* CocktailsOrder */ = {
			isa = PBXGroup;
			children = (
				4024F14929C0D9980067377C /* Stores */,
				4024F14429C0D7860067377C /* Services */,
				405DD66528872BB40009A77A /* CocktailsOrderApp.swift */,
				40B166592899296500D5DCFC /* Helpers */,
				4080B4DB28955F2900D6FDDB /* Views */,
				4080B4D628915B8900D6FDDB /* Models */,
				4080B4D528915B0700D6FDDB /* Networking */,
				405DD66928872BB70009A77A /* Assets.xcassets */,
				405DD66B28872BB70009A77A /* Preview Content */,
			);
			path = CocktailsOrder;
			sourceTree = "<group>";
		};
		405DD66B28872BB70009A77A /* Preview Content */ = {
			isa = PBXGroup;
			children = (
				405DD66C28872BB70009A77A /* Preview Assets.xcassets */,
			);
			path = "Preview Content";
			sourceTree = "<group>";
		};
		4080B4D528915B0700D6FDDB /* Networking */ = {
			isa = PBXGroup;
			children = (
				4024F13B29C0D5700067377C /* NetworkingV2 */,
				4080B4D928915EF500D6FDDB /* CocktailModelData.swift */,
			);
			path = Networking;
			sourceTree = "<group>";
		};
		4080B4D628915B8900D6FDDB /* Models */ = {
			isa = PBXGroup;
			children = (
				4080B4D728915BBE00D6FDDB /* Cocktail.swift */,
				4080B4E02895831B00D6FDDB /* CocktailsResponse.swift */,
			);
			path = Models;
			sourceTree = "<group>";
		};
		4080B4DB28955F2900D6FDDB /* Views */ = {
			isa = PBXGroup;
			children = (
				405DD66728872BB40009A77A /* ContentView.swift */,
				4080B4DC28955FC300D6FDDB /* CocktailCard.swift */,
				4080B4DE2895724600D6FDDB /* CocktailsList.swift */,
				40C3D0F12897FF9400279C97 /* CocktailDetails.swift */,
				40B166572898039700D5DCFC /* MyListView.swift */,
				405CFED1289BB12C0059A74D /* SplashScreen.swift */,
			);
			path = Views;
			sourceTree = "<group>";
		};
		40B166592899296500D5DCFC /* Helpers */ = {
			isa = PBXGroup;
			children = (
				40B1665A289929A400D5DCFC /* LikeButton.swift */,
				4024F14C29C0DA580067377C /* ViewState.swift */,
				4024F14E29C0DAE00067377C /* ViewStateModifier.swift */,
			);
			path = Helpers;
			sourceTree = "<group>";
		};
/* End PBXGroup section */

/* Begin PBXNativeTarget section */
		405DD66128872BB40009A77A /* CocktailsOrder */ = {
			isa = PBXNativeTarget;
			buildConfigurationList = 405DD67028872BB70009A77A /* Build configuration list for PBXNativeTarget "CocktailsOrder" */;
			buildPhases = (
				405DD65E28872BB40009A77A /* Sources */,
				405DD65F28872BB40009A77A /* Frameworks */,
				405DD66028872BB40009A77A /* Resources */,
			);
			buildRules = (
			);
			dependencies = (
			);
			name = CocktailsOrder;
			productName = CocktailsOrder;
			productReference = 405DD66228872BB40009A77A /* CocktailsOrder.app */;
			productType = "com.apple.product-type.application";
		};
/* End PBXNativeTarget section */

/* Begin PBXProject section */
		405DD65A28872BB40009A77A /* Project object */ = {
			isa = PBXProject;
			attributes = {
				BuildIndependentTargetsInParallel = 1;
				LastSwiftUpdateCheck = 1340;
				LastUpgradeCheck = 1340;
				TargetAttributes = {
					405DD66128872BB40009A77A = {
						CreatedOnToolsVersion = 13.4.1;
					};
				};
			};
			buildConfigurationList = 405DD65D28872BB40009A77A /* Build configuration list for PBXProject "CocktailsOrder" */;
			compatibilityVersion = "Xcode 13.0";
			developmentRegion = en;
			hasScannedForEncodings = 0;
			knownRegions = (
				en,
				Base,
			);
			mainGroup = 405DD65928872BB40009A77A;
			productRefGroup = 405DD66328872BB40009A77A /* Products */;
			projectDirPath = "";
			projectRoot = "";
			targets = (
				405DD66128872BB40009A77A /* CocktailsOrder */,
			);
		};
/* End PBXProject section */

/* Begin PBXResourcesBuildPhase section */
		405DD66028872BB40009A77A /* Resources */ = {
			isa = PBXResourcesBuildPhase;
			buildActionMask = 2147483647;
			files = (
				405DD66D28872BB70009A77A /* Preview Assets.xcassets in Resources */,
				405DD66A28872BB70009A77A /* Assets.xcassets in Resources */,
			);
			runOnlyForDeploymentPostprocessing = 0;
		};
/* End PBXResourcesBuildPhase section */

/* Begin PBXSourcesBuildPhase section */
		405DD65E28872BB40009A77A /* Sources */ = {
			isa = PBXSourcesBuildPhase;
			buildActionMask = 2147483647;
			files = (
				40C3D0F22897FF9400279C97 /* CocktailDetails.swift in Sources */,
				405DD66828872BB40009A77A /* ContentView.swift in Sources */,
				4024F13D29C0D5840067377C /* APICall.swift in Sources */,
				405DD66628872BB40009A77A /* CocktailsOrderApp.swift in Sources */,
				4024F14629C0D7B30067377C /* CocktailsAPI.swift in Sources */,
				4024F14B29C0D9A70067377C /* CocktailsStore.swift in Sources */,
				4080B4D828915BBE00D6FDDB /* Cocktail.swift in Sources */,
				4024F14329C0D6070067377C /* NetworkServiceable.swift in Sources */,
				4024F14D29C0DA580067377C /* ViewState.swift in Sources */,
				4080B4DF2895724600D6FDDB /* CocktailsList.swift in Sources */,
				4080B4E12895831B00D6FDDB /* CocktailsResponse.swift in Sources */,
				405CFED2289BB12C0059A74D /* SplashScreen.swift in Sources */,
				4024F14829C0D7C00067377C /* CocktailsService.swift in Sources */,
				40B166582898039700D5DCFC /* MyListView.swift in Sources */,
				4024F14129C0D5E20067377C /* APIMethod.swift in Sources */,
				4080B4DA28915EF500D6FDDB /* CocktailModelData.swift in Sources */,
				40B1665B289929A400D5DCFC /* LikeButton.swift in Sources */,
				4024F14F29C0DAE00067377C /* ViewStateModifier.swift in Sources */,
				4080B4DD28955FC300D6FDDB /* CocktailCard.swift in Sources */,
				4024F13F29C0D5BE0067377C /* APIError.swift in Sources */,
			);
			runOnlyForDeploymentPostprocessing = 0;
		};
/* End PBXSourcesBuildPhase section */

/* Begin XCBuildConfiguration section */
		405DD66E28872BB70009A77A /* Debug */ = {
			isa = XCBuildConfiguration;
			buildSettings = {
				ALWAYS_SEARCH_USER_PATHS = NO;
				CLANG_ANALYZER_NONNULL = YES;
				CLANG_ANALYZER_NUMBER_OBJECT_CONVERSION = YES_AGGRESSIVE;
				CLANG_CXX_LANGUAGE_STANDARD = "gnu++17";
				CLANG_ENABLE_MODULES = YES;
				CLANG_ENABLE_OBJC_ARC = YES;
				CLANG_ENABLE_OBJC_WEAK = YES;
				CLANG_WARN_BLOCK_CAPTURE_AUTORELEASING = YES;
				CLANG_WARN_BOOL_CONVERSION = YES;
				CLANG_WARN_COMMA = YES;
				CLANG_WARN_CONSTANT_CONVERSION = YES;
				CLANG_WARN_DEPRECATED_OBJC_IMPLEMENTATIONS = YES;
				CLANG_WARN_DIRECT_OBJC_ISA_USAGE = YES_ERROR;
				CLANG_WARN_DOCUMENTATION_COMMENTS = YES;
				CLANG_WARN_EMPTY_BODY = YES;
				CLANG_WARN_ENUM_CONVERSION = YES;
				CLANG_WARN_INFINITE_RECURSION = YES;
				CLANG_WARN_INT_CONVERSION = YES;
				CLANG_WARN_NON_LITERAL_NULL_CONVERSION = YES;
				CLANG_WARN_OBJC_IMPLICIT_RETAIN_SELF = YES;
				CLANG_WARN_OBJC_LITERAL_CONVERSION = YES;
				CLANG_WARN_OBJC_ROOT_CLASS = YES_ERROR;
				CLANG_WARN_QUOTED_INCLUDE_IN_FRAMEWORK_HEADER = YES;
				CLANG_WARN_RANGE_LOOP_ANALYSIS = YES;
				CLANG_WARN_STRICT_PROTOTYPES = YES;
				CLANG_WARN_SUSPICIOUS_MOVE = YES;
				CLANG_WARN_UNGUARDED_AVAILABILITY = YES_AGGRESSIVE;
				CLANG_WARN_UNREACHABLE_CODE = YES;
				CLANG_WARN__DUPLICATE_METHOD_MATCH = YES;
				COPY_PHASE_STRIP = NO;
				DEBUG_INFORMATION_FORMAT = dwarf;
				ENABLE_STRICT_OBJC_MSGSEND = YES;
				ENABLE_TESTABILITY = YES;
				GCC_C_LANGUAGE_STANDARD = gnu11;
				GCC_DYNAMIC_NO_PIC = NO;
				GCC_NO_COMMON_BLOCKS = YES;
				GCC_OPTIMIZATION_LEVEL = 0;
				GCC_PREPROCESSOR_DEFINITIONS = (
					"DEBUG=1",
					"$(inherited)",
				);
				GCC_WARN_64_TO_32_BIT_CONVERSION = YES;
				GCC_WARN_ABOUT_RETURN_TYPE = YES_ERROR;
				GCC_WARN_UNDECLARED_SELECTOR = YES;
				GCC_WARN_UNINITIALIZED_AUTOS = YES_AGGRESSIVE;
				GCC_WARN_UNUSED_FUNCTION = YES;
				GCC_WARN_UNUSED_VARIABLE = YES;
				IPHONEOS_DEPLOYMENT_TARGET = 15.5;
				MTL_ENABLE_DEBUG_INFO = INCLUDE_SOURCE;
				MTL_FAST_MATH = YES;
				ONLY_ACTIVE_ARCH = YES;
				SDKROOT = iphoneos;
				SWIFT_ACTIVE_COMPILATION_CONDITIONS = DEBUG;
				SWIFT_OPTIMIZATION_LEVEL = "-Onone";
			};
			name = Debug;
		};
		405DD66F28872BB70009A77A /* Release */ = {
			isa = XCBuildConfiguration;
			buildSettings = {
				ALWAYS_SEARCH_USER_PATHS = NO;
				CLANG_ANALYZER_NONNULL = YES;
				CLANG_ANALYZER_NUMBER_OBJECT_CONVERSION = YES_AGGRESSIVE;
				CLANG_CXX_LANGUAGE_STANDARD = "gnu++17";
				CLANG_ENABLE_MODULES = YES;
				CLANG_ENABLE_OBJC_ARC = YES;
				CLANG_ENABLE_OBJC_WEAK = YES;
				CLANG_WARN_BLOCK_CAPTURE_AUTORELEASING = YES;
				CLANG_WARN_BOOL_CONVERSION = YES;
				CLANG_WARN_COMMA = YES;
				CLANG_WARN_CONSTANT_CONVERSION = YES;
				CLANG_WARN_DEPRECATED_OBJC_IMPLEMENTATIONS = YES;
				CLANG_WARN_DIRECT_OBJC_ISA_USAGE = YES_ERROR;
				CLANG_WARN_DOCUMENTATION_COMMENTS = YES;
				CLANG_WARN_EMPTY_BODY = YES;
				CLANG_WARN_ENUM_CONVERSION = YES;
				CLANG_WARN_INFINITE_RECURSION = YES;
				CLANG_WARN_INT_CONVERSION = YES;
				CLANG_WARN_NON_LITERAL_NULL_CONVERSION = YES;
				CLANG_WARN_OBJC_IMPLICIT_RETAIN_SELF = YES;
				CLANG_WARN_OBJC_LITERAL_CONVERSION = YES;
				CLANG_WARN_OBJC_ROOT_CLASS = YES_ERROR;
				CLANG_WARN_QUOTED_INCLUDE_IN_FRAMEWORK_HEADER = YES;
				CLANG_WARN_RANGE_LOOP_ANALYSIS = YES;
				CLANG_WARN_STRICT_PROTOTYPES = YES;
				CLANG_WARN_SUSPICIOUS_MOVE = YES;
				CLANG_WARN_UNGUARDED_AVAILABILITY = YES_AGGRESSIVE;
				CLANG_WARN_UNREACHABLE_CODE = YES;
				CLANG_WARN__DUPLICATE_METHOD_MATCH = YES;
				COPY_PHASE_STRIP = NO;
				DEBUG_INFORMATION_FORMAT = "dwarf-with-dsym";
				ENABLE_NS_ASSERTIONS = NO;
				ENABLE_STRICT_OBJC_MSGSEND = YES;
				GCC_C_LANGUAGE_STANDARD = gnu11;
				GCC_NO_COMMON_BLOCKS = YES;
				GCC_WARN_64_TO_32_BIT_CONVERSION = YES;
				GCC_WARN_ABOUT_RETURN_TYPE = YES_ERROR;
				GCC_WARN_UNDECLARED_SELECTOR = YES;
				GCC_WARN_UNINITIALIZED_AUTOS = YES_AGGRESSIVE;
				GCC_WARN_UNUSED_FUNCTION = YES;
				GCC_WARN_UNUSED_VARIABLE = YES;
				IPHONEOS_DEPLOYMENT_TARGET = 15.5;
				MTL_ENABLE_DEBUG_INFO = NO;
				MTL_FAST_MATH = YES;
				SDKROOT = iphoneos;
				SWIFT_COMPILATION_MODE = wholemodule;
				SWIFT_OPTIMIZATION_LEVEL = "-O";
				VALIDATE_PRODUCT = YES;
			};
			name = Release;
		};
		405DD67128872BB70009A77A /* Debug */ = {
			isa = XCBuildConfiguration;
			buildSettings = {
				ASSETCATALOG_COMPILER_APPICON_NAME = AppIcon;
				ASSETCATALOG_COMPILER_GLOBAL_ACCENT_COLOR_NAME = AccentColor;
				CODE_SIGN_STYLE = Automatic;
				CURRENT_PROJECT_VERSION = 1;
				DEVELOPMENT_ASSET_PATHS = "\"CocktailsOrder/Preview Content\"";
				ENABLE_PREVIEWS = YES;
				GENERATE_INFOPLIST_FILE = YES;
				INFOPLIST_KEY_UIApplicationSceneManifest_Generation = YES;
				INFOPLIST_KEY_UIApplicationSupportsIndirectInputEvents = YES;
				INFOPLIST_KEY_UILaunchScreen_Generation = YES;
				INFOPLIST_KEY_UISupportedInterfaceOrientations_iPad = "UIInterfaceOrientationPortrait UIInterfaceOrientationPortraitUpsideDown UIInterfaceOrientationLandscapeLeft UIInterfaceOrientationLandscapeRight";
				INFOPLIST_KEY_UISupportedInterfaceOrientations_iPhone = "UIInterfaceOrientationPortrait UIInterfaceOrientationLandscapeLeft UIInterfaceOrientationLandscapeRight";
				LD_RUNPATH_SEARCH_PATHS = (
					"$(inherited)",
					"@executable_path/Frameworks",
				);
				MARKETING_VERSION = 1.0;
				PRODUCT_BUNDLE_IDENTIFIER = com.dragosc.CocktailsOrder;
				PRODUCT_NAME = "$(TARGET_NAME)";
				SWIFT_EMIT_LOC_STRINGS = YES;
				SWIFT_VERSION = 5.0;
				TARGETED_DEVICE_FAMILY = "1,2";
			};
			name = Debug;
		};
		405DD67228872BB70009A77A /* Release */ = {
			isa = XCBuildConfiguration;
			buildSettings = {
				ASSETCATALOG_COMPILER_APPICON_NAME = AppIcon;
				ASSETCATALOG_COMPILER_GLOBAL_ACCENT_COLOR_NAME = AccentColor;
				CODE_SIGN_STYLE = Automatic;
				CURRENT_PROJECT_VERSION = 1;
				DEVELOPMENT_ASSET_PATHS = "\"CocktailsOrder/Preview Content\"";
				ENABLE_PREVIEWS = YES;
				GENERATE_INFOPLIST_FILE = YES;
				INFOPLIST_KEY_UIApplicationSceneManifest_Generation = YES;
				INFOPLIST_KEY_UIApplicationSupportsIndirectInputEvents = YES;
				INFOPLIST_KEY_UILaunchScreen_Generation = YES;
				INFOPLIST_KEY_UISupportedInterfaceOrientations_iPad = "UIInterfaceOrientationPortrait UIInterfaceOrientationPortraitUpsideDown UIInterfaceOrientationLandscapeLeft UIInterfaceOrientationLandscapeRight";
				INFOPLIST_KEY_UISupportedInterfaceOrientations_iPhone = "UIInterfaceOrientationPortrait UIInterfaceOrientationLandscapeLeft UIInterfaceOrientationLandscapeRight";
				LD_RUNPATH_SEARCH_PATHS = (
					"$(inherited)",
					"@executable_path/Frameworks",
				);
				MARKETING_VERSION = 1.0;
				PRODUCT_BUNDLE_IDENTIFIER = com.dragosc.CocktailsOrder;
				PRODUCT_NAME = "$(TARGET_NAME)";
				SWIFT_EMIT_LOC_STRINGS = YES;
				SWIFT_VERSION = 5.0;
				TARGETED_DEVICE_FAMILY = "1,2";
			};
			name = Release;
		};
/* End XCBuildConfiguration section */

/* Begin XCConfigurationList section */
		405DD65D28872BB40009A77A /* Build configuration list for PBXProject "CocktailsOrder" */ = {
			isa = XCConfigurationList;
			buildConfigurations = (
				405DD66E28872BB70009A77A /* Debug */,
				405DD66F28872BB70009A77A /* Release */,
			);
			defaultConfigurationIsVisible = 0;
			defaultConfigurationName = Release;
		};
		405DD67028872BB70009A77A /* Build configuration list for PBXNativeTarget "CocktailsOrder" */ = {
			isa = XCConfigurationList;
			buildConfigurations = (
				405DD67128872BB70009A77A /* Debug */,
				405DD67228872BB70009A77A /* Release */,
			);
			defaultConfigurationIsVisible = 0;
			defaultConfigurationName = Release;
		};
/* End XCConfigurationList section */
	};
	rootObject = 405DD65A28872BB40009A77A /* Project object */;
}
